// !$*UTF8*$!
{
	archiveVersion = 1;
	classes = {
	};
	objectVersion = 46;
	objects = {

/* Begin PBXBuildFile section */
		A20E97CA1BD7458100209C07 /* UICopyLabelViewController.m in Sources */ = {isa = PBXBuildFile; fileRef = A20E97C91BD7458100209C07 /* UICopyLabelViewController.m */; };
		A20E97CD1BD7495500209C07 /* UICopyLabel.m in Sources */ = {isa = PBXBuildFile; fileRef = A20E97CC1BD7495500209C07 /* UICopyLabel.m */; };
		A20E981B1BD76B2700209C07 /* TableWithCopyCellViewController.m in Sources */ = {isa = PBXBuildFile; fileRef = A20E981A1BD76B2700209C07 /* TableWithCopyCellViewController.m */; };
		A25B35801BE118C1005B0E59 /* UIImage+Capture.m in Sources */ = {isa = PBXBuildFile; fileRef = A25B357F1BE118C1005B0E59 /* UIImage+Capture.m */; };
		A25B35831BE119C8005B0E59 /* CaptureScrollViewViewController.m in Sources */ = {isa = PBXBuildFile; fileRef = A25B35821BE119C8005B0E59 /* CaptureScrollViewViewController.m */; };
		A2702A771BDE0BE5009826F0 /* CoreLocation.framework in Frameworks */ = {isa = PBXBuildFile; fileRef = A2702A761BDE0BE5009826F0 /* CoreLocation.framework */; };
		A2702A7A1BDE0C43009826F0 /* LocationViewController.m in Sources */ = {isa = PBXBuildFile; fileRef = A2702A791BDE0C43009826F0 /* LocationViewController.m */; };
		A2734AF41BDF67B80048A007 /* MapKit.framework in Frameworks */ = {isa = PBXBuildFile; fileRef = A2734AF31BDF67B80048A007 /* MapKit.framework */; };
		A2734AF81BDF6A820048A007 /* LocationPin.m in Sources */ = {isa = PBXBuildFile; fileRef = A2734AF71BDF6A820048A007 /* LocationPin.m */; };
		A28184E51BD8CC07009E981B /* ShakeViewController.m in Sources */ = {isa = PBXBuildFile; fileRef = A28184E41BD8CC07009E981B /* ShakeViewController.m */; };
		A2830CF31BCE1A86002E1C8B /* FeatureMeta.m in Sources */ = {isa = PBXBuildFile; fileRef = A2830CF21BCE1A86002E1C8B /* FeatureMeta.m */; };
		A2830CFA1BCE1E00002E1C8B /* ViewController.m in Sources */ = {isa = PBXBuildFile; fileRef = A2830CF91BCE1E00002E1C8B /* ViewController.m */; };
		A2830CFD1BCE1E9F002E1C8B /* ScreenShotViewController.m in Sources */ = {isa = PBXBuildFile; fileRef = A2830CFC1BCE1E9F002E1C8B /* ScreenShotViewController.m */; };
		A29347F41BC76B3000D4989B /* main.m in Sources */ = {isa = PBXBuildFile; fileRef = A29347F31BC76B3000D4989B /* main.m */; };
		A29347F71BC76B3000D4989B /* AppDelegate.m in Sources */ = {isa = PBXBuildFile; fileRef = A29347F61BC76B3000D4989B /* AppDelegate.m */; };
		A29347FD1BC76B3000D4989B /* Main.storyboard in Resources */ = {isa = PBXBuildFile; fileRef = A29347FB1BC76B3000D4989B /* Main.storyboard */; };
		A29347FF1BC76B3000D4989B /* Assets.xcassets in Resources */ = {isa = PBXBuildFile; fileRef = A29347FE1BC76B3000D4989B /* Assets.xcassets */; };
		A29348021BC76B3000D4989B /* LaunchScreen.storyboard in Resources */ = {isa = PBXBuildFile; fileRef = A29348001BC76B3000D4989B /* LaunchScreen.storyboard */; };
		A293480D1BC76B3000D4989B /* EverythingTests.m in Sources */ = {isa = PBXBuildFile; fileRef = A293480C1BC76B3000D4989B /* EverythingTests.m */; };
		A29348181BC76B3000D4989B /* EverythingUITests.m in Sources */ = {isa = PBXBuildFile; fileRef = A29348171BC76B3000D4989B /* EverythingUITests.m */; };
		A29E8C841BD0FFEE0079C802 /* GCDLockViewController.m in Sources */ = {isa = PBXBuildFile; fileRef = A29E8C831BD0FFEE0079C802 /* GCDLockViewController.m */; };
		A2AB55BC1BD0E41F00A09B5D /* AVFoundation.framework in Frameworks */ = {isa = PBXBuildFile; fileRef = A2AB55BB1BD0E41F00A09B5D /* AVFoundation.framework */; };
		A2DFB4AF1BCE2D3B004C1D76 /* UIImage+Color.m in Sources */ = {isa = PBXBuildFile; fileRef = A2DFB4AE1BCE2D3B004C1D76 /* UIImage+Color.m */; };
		A2DFB4B21BCE2EB7004C1D76 /* ImageWithColorViewController.m in Sources */ = {isa = PBXBuildFile; fileRef = A2DFB4B11BCE2EB7004C1D76 /* ImageWithColorViewController.m */; };
		A2DFB4F61BD0E15A004C1D76 /* SpeakViewController.m in Sources */ = {isa = PBXBuildFile; fileRef = A2DFB4F51BD0E15A004C1D76 /* SpeakViewController.m */; };
/* End PBXBuildFile section */

/* Begin PBXContainerItemProxy section */
		A29348091BC76B3000D4989B /* PBXContainerItemProxy */ = {
			isa = PBXContainerItemProxy;
			containerPortal = A29347E71BC76B3000D4989B /* Project object */;
			proxyType = 1;
			remoteGlobalIDString = A29347EE1BC76B3000D4989B;
			remoteInfo = Everything;
		};
		A29348141BC76B3000D4989B /* PBXContainerItemProxy */ = {
			isa = PBXContainerItemProxy;
			containerPortal = A29347E71BC76B3000D4989B /* Project object */;
			proxyType = 1;
			remoteGlobalIDString = A29347EE1BC76B3000D4989B;
			remoteInfo = Everything;
		};
/* End PBXContainerItemProxy section */

/* Begin PBXFileReference section */
		A20E97C81BD7458100209C07 /* UICopyLabelViewController.h */ = {isa = PBXFileReference; fileEncoding = 4; lastKnownFileType = sourcecode.c.h; name = UICopyLabelViewController.h; path = ViewController/UICopyLabelViewController.h; sourceTree = "<group>"; };
		A20E97C91BD7458100209C07 /* UICopyLabelViewController.m */ = {isa = PBXFileReference; fileEncoding = 4; lastKnownFileType = sourcecode.c.objc; name = UICopyLabelViewController.m; path = ViewController/UICopyLabelViewController.m; sourceTree = "<group>"; };
		A20E97CB1BD7495500209C07 /* UICopyLabel.h */ = {isa = PBXFileReference; fileEncoding = 4; lastKnownFileType = sourcecode.c.h; name = UICopyLabel.h; path = View/UICopyLabel.h; sourceTree = "<group>"; };
		A20E97CC1BD7495500209C07 /* UICopyLabel.m */ = {isa = PBXFileReference; fileEncoding = 4; lastKnownFileType = sourcecode.c.objc; name = UICopyLabel.m; path = View/UICopyLabel.m; sourceTree = "<group>"; };
		A20E98191BD76B2700209C07 /* TableWithCopyCellViewController.h */ = {isa = PBXFileReference; fileEncoding = 4; lastKnownFileType = sourcecode.c.h; name = TableWithCopyCellViewController.h; path = ViewController/TableWithCopyCellViewController.h; sourceTree = "<group>"; };
		A20E981A1BD76B2700209C07 /* TableWithCopyCellViewController.m */ = {isa = PBXFileReference; fileEncoding = 4; lastKnownFileType = sourcecode.c.objc; name = TableWithCopyCellViewController.m; path = ViewController/TableWithCopyCellViewController.m; sourceTree = "<group>"; };
		A25B357E1BE118C1005B0E59 /* UIImage+Capture.h */ = {isa = PBXFileReference; fileEncoding = 4; lastKnownFileType = sourcecode.c.h; name = "UIImage+Capture.h"; path = "Util/UIImage+Capture.h"; sourceTree = "<group>"; };
		A25B357F1BE118C1005B0E59 /* UIImage+Capture.m */ = {isa = PBXFileReference; fileEncoding = 4; lastKnownFileType = sourcecode.c.objc; name = "UIImage+Capture.m"; path = "Util/UIImage+Capture.m"; sourceTree = "<group>"; };
		A25B35811BE119C8005B0E59 /* CaptureScrollViewViewController.h */ = {isa = PBXFileReference; fileEncoding = 4; lastKnownFileType = sourcecode.c.h; name = CaptureScrollViewViewController.h; path = ViewController/CaptureScrollViewViewController.h; sourceTree = "<group>"; };
		A25B35821BE119C8005B0E59 /* CaptureScrollViewViewController.m */ = {isa = PBXFileReference; fileEncoding = 4; lastKnownFileType = sourcecode.c.objc; name = CaptureScrollViewViewController.m; path = ViewController/CaptureScrollViewViewController.m; sourceTree = "<group>"; };
		A2702A761BDE0BE5009826F0 /* CoreLocation.framework */ = {isa = PBXFileReference; lastKnownFileType = wrapper.framework; name = CoreLocation.framework; path = System/Library/Frameworks/CoreLocation.framework; sourceTree = SDKROOT; };
		A2702A781BDE0C43009826F0 /* LocationViewController.h */ = {isa = PBXFileReference; fileEncoding = 4; lastKnownFileType = sourcecode.c.h; name = LocationViewController.h; path = ViewController/LocationViewController.h; sourceTree = "<group>"; };
		A2702A791BDE0C43009826F0 /* LocationViewController.m */ = {isa = PBXFileReference; fileEncoding = 4; lastKnownFileType = sourcecode.c.objc; name = LocationViewController.m; path = ViewController/LocationViewController.m; sourceTree = "<group>"; };
		A2734AF31BDF67B80048A007 /* MapKit.framework */ = {isa = PBXFileReference; lastKnownFileType = wrapper.framework; name = MapKit.framework; path = System/Library/Frameworks/MapKit.framework; sourceTree = SDKROOT; };
		A2734AF61BDF6A820048A007 /* LocationPin.h */ = {isa = PBXFileReference; fileEncoding = 4; lastKnownFileType = sourcecode.c.h; name = LocationPin.h; path = Model/LocationPin.h; sourceTree = "<group>"; };
		A2734AF71BDF6A820048A007 /* LocationPin.m */ = {isa = PBXFileReference; fileEncoding = 4; lastKnownFileType = sourcecode.c.objc; name = LocationPin.m; path = Model/LocationPin.m; sourceTree = "<group>"; };
		A28184E31BD8CC07009E981B /* ShakeViewController.h */ = {isa = PBXFileReference; fileEncoding = 4; lastKnownFileType = sourcecode.c.h; name = ShakeViewController.h; path = ViewController/ShakeViewController.h; sourceTree = "<group>"; };
		A28184E41BD8CC07009E981B /* ShakeViewController.m */ = {isa = PBXFileReference; fileEncoding = 4; lastKnownFileType = sourcecode.c.objc; name = ShakeViewController.m; path = ViewController/ShakeViewController.m; sourceTree = "<group>"; };
		A2830CF11BCE1A86002E1C8B /* FeatureMeta.h */ = {isa = PBXFileReference; fileEncoding = 4; lastKnownFileType = sourcecode.c.h; name = FeatureMeta.h; path = Model/FeatureMeta.h; sourceTree = "<group>"; };
		A2830CF21BCE1A86002E1C8B /* FeatureMeta.m */ = {isa = PBXFileReference; fileEncoding = 4; lastKnownFileType = sourcecode.c.objc; name = FeatureMeta.m; path = Model/FeatureMeta.m; sourceTree = "<group>"; };
		A2830CF81BCE1E00002E1C8B /* ViewController.h */ = {isa = PBXFileReference; fileEncoding = 4; lastKnownFileType = sourcecode.c.h; name = ViewController.h; path = ViewController/ViewController.h; sourceTree = "<group>"; };
		A2830CF91BCE1E00002E1C8B /* ViewController.m */ = {isa = PBXFileReference; fileEncoding = 4; lastKnownFileType = sourcecode.c.objc; name = ViewController.m; path = ViewController/ViewController.m; sourceTree = "<group>"; };
		A2830CFB1BCE1E9F002E1C8B /* ScreenShotViewController.h */ = {isa = PBXFileReference; fileEncoding = 4; lastKnownFileType = sourcecode.c.h; name = ScreenShotViewController.h; path = ViewController/ScreenShotViewController.h; sourceTree = "<group>"; };
		A2830CFC1BCE1E9F002E1C8B /* ScreenShotViewController.m */ = {isa = PBXFileReference; fileEncoding = 4; lastKnownFileType = sourcecode.c.objc; name = ScreenShotViewController.m; path = ViewController/ScreenShotViewController.m; sourceTree = "<group>"; };
		A29347EF1BC76B3000D4989B /* Everything.app */ = {isa = PBXFileReference; explicitFileType = wrapper.application; includeInIndex = 0; path = Everything.app; sourceTree = BUILT_PRODUCTS_DIR; };
		A29347F31BC76B3000D4989B /* main.m */ = {isa = PBXFileReference; lastKnownFileType = sourcecode.c.objc; path = main.m; sourceTree = "<group>"; };
		A29347F51BC76B3000D4989B /* AppDelegate.h */ = {isa = PBXFileReference; lastKnownFileType = sourcecode.c.h; path = AppDelegate.h; sourceTree = "<group>"; };
		A29347F61BC76B3000D4989B /* AppDelegate.m */ = {isa = PBXFileReference; lastKnownFileType = sourcecode.c.objc; path = AppDelegate.m; sourceTree = "<group>"; };
		A29347FC1BC76B3000D4989B /* Base */ = {isa = PBXFileReference; lastKnownFileType = file.storyboard; name = Base; path = Base.lproj/Main.storyboard; sourceTree = "<group>"; };
		A29347FE1BC76B3000D4989B /* Assets.xcassets */ = {isa = PBXFileReference; lastKnownFileType = folder.assetcatalog; path = Assets.xcassets; sourceTree = "<group>"; };
		A29348011BC76B3000D4989B /* Base */ = {isa = PBXFileReference; lastKnownFileType = file.storyboard; name = Base; path = Base.lproj/LaunchScreen.storyboard; sourceTree = "<group>"; };
		A29348031BC76B3000D4989B /* Info.plist */ = {isa = PBXFileReference; lastKnownFileType = text.plist.xml; path = Info.plist; sourceTree = "<group>"; };
		A29348081BC76B3000D4989B /* EverythingTests.xctest */ = {isa = PBXFileReference; explicitFileType = wrapper.cfbundle; includeInIndex = 0; path = EverythingTests.xctest; sourceTree = BUILT_PRODUCTS_DIR; };
		A293480C1BC76B3000D4989B /* EverythingTests.m */ = {isa = PBXFileReference; lastKnownFileType = sourcecode.c.objc; path = EverythingTests.m; sourceTree = "<group>"; };
		A293480E1BC76B3000D4989B /* Info.plist */ = {isa = PBXFileReference; lastKnownFileType = text.plist.xml; path = Info.plist; sourceTree = "<group>"; };
		A29348131BC76B3000D4989B /* EverythingUITests.xctest */ = {isa = PBXFileReference; explicitFileType = wrapper.cfbundle; includeInIndex = 0; path = EverythingUITests.xctest; sourceTree = BUILT_PRODUCTS_DIR; };
		A29348171BC76B3000D4989B /* EverythingUITests.m */ = {isa = PBXFileReference; lastKnownFileType = sourcecode.c.objc; path = EverythingUITests.m; sourceTree = "<group>"; };
		A29348191BC76B3000D4989B /* Info.plist */ = {isa = PBXFileReference; lastKnownFileType = text.plist.xml; path = Info.plist; sourceTree = "<group>"; };
		A29E8C821BD0FFEE0079C802 /* GCDLockViewController.h */ = {isa = PBXFileReference; fileEncoding = 4; lastKnownFileType = sourcecode.c.h; name = GCDLockViewController.h; path = ViewController/GCDLockViewController.h; sourceTree = "<group>"; };
		A29E8C831BD0FFEE0079C802 /* GCDLockViewController.m */ = {isa = PBXFileReference; fileEncoding = 4; lastKnownFileType = sourcecode.c.objc; name = GCDLockViewController.m; path = ViewController/GCDLockViewController.m; sourceTree = "<group>"; };
		A2AB55BB1BD0E41F00A09B5D /* AVFoundation.framework */ = {isa = PBXFileReference; lastKnownFileType = wrapper.framework; name = AVFoundation.framework; path = System/Library/Frameworks/AVFoundation.framework; sourceTree = SDKROOT; };
		A2DFB4AD1BCE2D3B004C1D76 /* UIImage+Color.h */ = {isa = PBXFileReference; fileEncoding = 4; lastKnownFileType = sourcecode.c.h; name = "UIImage+Color.h"; path = "Util/UIImage+Color.h"; sourceTree = "<group>"; };
		A2DFB4AE1BCE2D3B004C1D76 /* UIImage+Color.m */ = {isa = PBXFileReference; fileEncoding = 4; lastKnownFileType = sourcecode.c.objc; name = "UIImage+Color.m"; path = "Util/UIImage+Color.m"; sourceTree = "<group>"; };
		A2DFB4B01BCE2EB7004C1D76 /* ImageWithColorViewController.h */ = {isa = PBXFileReference; fileEncoding = 4; lastKnownFileType = sourcecode.c.h; name = ImageWithColorViewController.h; path = ViewController/ImageWithColorViewController.h; sourceTree = "<group>"; };
		A2DFB4B11BCE2EB7004C1D76 /* ImageWithColorViewController.m */ = {isa = PBXFileReference; fileEncoding = 4; lastKnownFileType = sourcecode.c.objc; name = ImageWithColorViewController.m; path = ViewController/ImageWithColorViewController.m; sourceTree = "<group>"; };
		A2DFB4F41BD0E15A004C1D76 /* SpeakViewController.h */ = {isa = PBXFileReference; fileEncoding = 4; lastKnownFileType = sourcecode.c.h; name = SpeakViewController.h; path = ViewController/SpeakViewController.h; sourceTree = "<group>"; };
		A2DFB4F51BD0E15A004C1D76 /* SpeakViewController.m */ = {isa = PBXFileReference; fileEncoding = 4; lastKnownFileType = sourcecode.c.objc; name = SpeakViewController.m; path = ViewController/SpeakViewController.m; sourceTree = "<group>"; };
/* End PBXFileReference section */

/* Begin PBXFrameworksBuildPhase section */
		A29347EC1BC76B3000D4989B /* Frameworks */ = {
			isa = PBXFrameworksBuildPhase;
			buildActionMask = 2147483647;
			files = (
				A2734AF41BDF67B80048A007 /* MapKit.framework in Frameworks */,
				A2702A771BDE0BE5009826F0 /* CoreLocation.framework in Frameworks */,
				A2AB55BC1BD0E41F00A09B5D /* AVFoundation.framework in Frameworks */,
			);
			runOnlyForDeploymentPostprocessing = 0;
		};
		A29348051BC76B3000D4989B /* Frameworks */ = {
			isa = PBXFrameworksBuildPhase;
			buildActionMask = 2147483647;
			files = (
			);
			runOnlyForDeploymentPostprocessing = 0;
		};
		A29348101BC76B3000D4989B /* Frameworks */ = {
			isa = PBXFrameworksBuildPhase;
			buildActionMask = 2147483647;
			files = (
			);
			runOnlyForDeploymentPostprocessing = 0;
		};
/* End PBXFrameworksBuildPhase section */

/* Begin PBXGroup section */
		A2734AF51BDF6A470048A007 /* Location */ = {
			isa = PBXGroup;
			children = (
				A2734AF61BDF6A820048A007 /* LocationPin.h */,
				A2734AF71BDF6A820048A007 /* LocationPin.m */,
			);
			name = Location;
			sourceTree = "<group>";
		};
		A2830CF01BCE1A04002E1C8B /* Model */ = {
			isa = PBXGroup;
			children = (
				A2734AF51BDF6A470048A007 /* Location */,
				A2830CF11BCE1A86002E1C8B /* FeatureMeta.h */,
				A2830CF21BCE1A86002E1C8B /* FeatureMeta.m */,
			);
			name = Model;
			sourceTree = "<group>";
		};
		A2830CF41BCE1C61002E1C8B /* Controller */ = {
			isa = PBXGroup;
			children = (
				A20E98191BD76B2700209C07 /* TableWithCopyCellViewController.h */,
				A20E981A1BD76B2700209C07 /* TableWithCopyCellViewController.m */,
				A2830CF81BCE1E00002E1C8B /* ViewController.h */,
				A2830CF91BCE1E00002E1C8B /* ViewController.m */,
				A2830CFB1BCE1E9F002E1C8B /* ScreenShotViewController.h */,
				A2830CFC1BCE1E9F002E1C8B /* ScreenShotViewController.m */,
				A2DFB4B01BCE2EB7004C1D76 /* ImageWithColorViewController.h */,
				A2DFB4B11BCE2EB7004C1D76 /* ImageWithColorViewController.m */,
				A2DFB4F41BD0E15A004C1D76 /* SpeakViewController.h */,
				A2DFB4F51BD0E15A004C1D76 /* SpeakViewController.m */,
				A29E8C821BD0FFEE0079C802 /* GCDLockViewController.h */,
				A29E8C831BD0FFEE0079C802 /* GCDLockViewController.m */,
				A20E97C81BD7458100209C07 /* UICopyLabelViewController.h */,
				A20E97C91BD7458100209C07 /* UICopyLabelViewController.m */,
				A28184E31BD8CC07009E981B /* ShakeViewController.h */,
				A28184E41BD8CC07009E981B /* ShakeViewController.m */,
				A2702A781BDE0C43009826F0 /* LocationViewController.h */,
				A2702A791BDE0C43009826F0 /* LocationViewController.m */,
				A25B35811BE119C8005B0E59 /* CaptureScrollViewViewController.h */,
				A25B35821BE119C8005B0E59 /* CaptureScrollViewViewController.m */,
			);
			name = Controller;
			sourceTree = "<group>";
		};
		A2830CFE1BCE2C5A002E1C8B /* View */ = {
			isa = PBXGroup;
			children = (
				A20E97CB1BD7495500209C07 /* UICopyLabel.h */,
				A20E97CC1BD7495500209C07 /* UICopyLabel.m */,
			);
			name = View;
			sourceTree = "<group>";
		};
		A29347E61BC76B3000D4989B = {
			isa = PBXGroup;
			children = (
				A29347F11BC76B3000D4989B /* Everything */,
				A2AB55BA1BD0E40500A09B5D /* Frameworks */,
				A293480B1BC76B3000D4989B /* EverythingTests */,
				A29348161BC76B3000D4989B /* EverythingUITests */,
				A29347F01BC76B3000D4989B /* Products */,
			);
			sourceTree = "<group>";
		};
		A29347F01BC76B3000D4989B /* Products */ = {
			isa = PBXGroup;
			children = (
				A29347EF1BC76B3000D4989B /* Everything.app */,
				A29348081BC76B3000D4989B /* EverythingTests.xctest */,
				A29348131BC76B3000D4989B /* EverythingUITests.xctest */,
			);
			name = Products;
			sourceTree = "<group>";
		};
		A29347F11BC76B3000D4989B /* Everything */ = {
			isa = PBXGroup;
			children = (
				A2DFB4AC1BCE2D10004C1D76 /* Util */,
				A2830CFE1BCE2C5A002E1C8B /* View */,
				A2830CF41BCE1C61002E1C8B /* Controller */,
				A2830CF01BCE1A04002E1C8B /* Model */,
				A29347F51BC76B3000D4989B /* AppDelegate.h */,
				A29347F61BC76B3000D4989B /* AppDelegate.m */,
				A29347FB1BC76B3000D4989B /* Main.storyboard */,
				A29347FE1BC76B3000D4989B /* Assets.xcassets */,
				A29348001BC76B3000D4989B /* LaunchScreen.storyboard */,
				A29348031BC76B3000D4989B /* Info.plist */,
				A29347F21BC76B3000D4989B /* Supporting Files */,
			);
			path = Everything;
			sourceTree = "<group>";
		};
		A29347F21BC76B3000D4989B /* Supporting Files */ = {
			isa = PBXGroup;
			children = (
				A29347F31BC76B3000D4989B /* main.m */,
			);
			name = "Supporting Files";
			sourceTree = "<group>";
		};
		A293480B1BC76B3000D4989B /* EverythingTests */ = {
			isa = PBXGroup;
			children = (
				A293480C1BC76B3000D4989B /* EverythingTests.m */,
				A293480E1BC76B3000D4989B /* Info.plist */,
			);
			path = EverythingTests;
			sourceTree = "<group>";
		};
		A29348161BC76B3000D4989B /* EverythingUITests */ = {
			isa = PBXGroup;
			children = (
				A29348171BC76B3000D4989B /* EverythingUITests.m */,
				A29348191BC76B3000D4989B /* Info.plist */,
			);
			path = EverythingUITests;
			sourceTree = "<group>";
		};
		A2AB55BA1BD0E40500A09B5D /* Frameworks */ = {
			isa = PBXGroup;
			children = (
				A2734AF31BDF67B80048A007 /* MapKit.framework */,
				A2702A761BDE0BE5009826F0 /* CoreLocation.framework */,
				A2AB55BB1BD0E41F00A09B5D /* AVFoundation.framework */,
			);
			name = Frameworks;
			path = Everything;
			sourceTree = "<group>";
		};
		A2DFB4AC1BCE2D10004C1D76 /* Util */ = {
			isa = PBXGroup;
			children = (
				A2DFB4AD1BCE2D3B004C1D76 /* UIImage+Color.h */,
				A2DFB4AE1BCE2D3B004C1D76 /* UIImage+Color.m */,
				A25B357E1BE118C1005B0E59 /* UIImage+Capture.h */,
				A25B357F1BE118C1005B0E59 /* UIImage+Capture.m */,
			);
			name = Util;
			sourceTree = "<group>";
		};
/* End PBXGroup section */

/* Begin PBXNativeTarget section */
		A29347EE1BC76B3000D4989B /* Everything */ = {
			isa = PBXNativeTarget;
			buildConfigurationList = A293481C1BC76B3000D4989B /* Build configuration list for PBXNativeTarget "Everything" */;
			buildPhases = (
				A29347EB1BC76B3000D4989B /* Sources */,
				A29347EC1BC76B3000D4989B /* Frameworks */,
				A29347ED1BC76B3000D4989B /* Resources */,
			);
			buildRules = (
			);
			dependencies = (
			);
			name = Everything;
			productName = Everything;
			productReference = A29347EF1BC76B3000D4989B /* Everything.app */;
			productType = "com.apple.product-type.application";
		};
		A29348071BC76B3000D4989B /* EverythingTests */ = {
			isa = PBXNativeTarget;
			buildConfigurationList = A293481F1BC76B3000D4989B /* Build configuration list for PBXNativeTarget "EverythingTests" */;
			buildPhases = (
				A29348041BC76B3000D4989B /* Sources */,
				A29348051BC76B3000D4989B /* Frameworks */,
				A29348061BC76B3000D4989B /* Resources */,
			);
			buildRules = (
			);
			dependencies = (
				A293480A1BC76B3000D4989B /* PBXTargetDependency */,
			);
			name = EverythingTests;
			productName = EverythingTests;
			productReference = A29348081BC76B3000D4989B /* EverythingTests.xctest */;
			productType = "com.apple.product-type.bundle.unit-test";
		};
		A29348121BC76B3000D4989B /* EverythingUITests */ = {
			isa = PBXNativeTarget;
			buildConfigurationList = A29348221BC76B3000D4989B /* Build configuration list for PBXNativeTarget "EverythingUITests" */;
			buildPhases = (
				A293480F1BC76B3000D4989B /* Sources */,
				A29348101BC76B3000D4989B /* Frameworks */,
				A29348111BC76B3000D4989B /* Resources */,
			);
			buildRules = (
			);
			dependencies = (
				A29348151BC76B3000D4989B /* PBXTargetDependency */,
			);
			name = EverythingUITests;
			productName = EverythingUITests;
			productReference = A29348131BC76B3000D4989B /* EverythingUITests.xctest */;
			productType = "com.apple.product-type.bundle.ui-testing";
		};
/* End PBXNativeTarget section */

/* Begin PBXProject section */
		A29347E71BC76B3000D4989B /* Project object */ = {
			isa = PBXProject;
			attributes = {
				LastUpgradeCheck = 0700;
				ORGANIZATIONNAME = Tau;
				TargetAttributes = {
					A29347EE1BC76B3000D4989B = {
						CreatedOnToolsVersion = 7.0.1;
					};
					A29348071BC76B3000D4989B = {
						CreatedOnToolsVersion = 7.0.1;
						TestTargetID = A29347EE1BC76B3000D4989B;
					};
					A29348121BC76B3000D4989B = {
						CreatedOnToolsVersion = 7.0.1;
						TestTargetID = A29347EE1BC76B3000D4989B;
					};
				};
			};
			buildConfigurationList = A29347EA1BC76B3000D4989B /* Build configuration list for PBXProject "Everything" */;
			compatibilityVersion = "Xcode 3.2";
			developmentRegion = English;
			hasScannedForEncodings = 0;
			knownRegions = (
				en,
				Base,
			);
			mainGroup = A29347E61BC76B3000D4989B;
			productRefGroup = A29347F01BC76B3000D4989B /* Products */;
			projectDirPath = "";
			projectRoot = "";
			targets = (
				A29347EE1BC76B3000D4989B /* Everything */,
				A29348071BC76B3000D4989B /* EverythingTests */,
				A29348121BC76B3000D4989B /* EverythingUITests */,
			);
		};
/* End PBXProject section */

/* Begin PBXResourcesBuildPhase section */
		A29347ED1BC76B3000D4989B /* Resources */ = {
			isa = PBXResourcesBuildPhase;
			buildActionMask = 2147483647;
			files = (
				A29348021BC76B3000D4989B /* LaunchScreen.storyboard in Resources */,
				A29347FF1BC76B3000D4989B /* Assets.xcassets in Resources */,
				A29347FD1BC76B3000D4989B /* Main.storyboard in Resources */,
			);
			runOnlyForDeploymentPostprocessing = 0;
		};
		A29348061BC76B3000D4989B /* Resources */ = {
			isa = PBXResourcesBuildPhase;
			buildActionMask = 2147483647;
			files = (
			);
			runOnlyForDeploymentPostprocessing = 0;
		};
		A29348111BC76B3000D4989B /* Resources */ = {
			isa = PBXResourcesBuildPhase;
			buildActionMask = 2147483647;
			files = (
			);
			runOnlyForDeploymentPostprocessing = 0;
		};
/* End PBXResourcesBuildPhase section */

/* Begin PBXSourcesBuildPhase section */
		A29347EB1BC76B3000D4989B /* Sources */ = {
			isa = PBXSourcesBuildPhase;
			buildActionMask = 2147483647;
			files = (
				A29347F71BC76B3000D4989B /* AppDelegate.m in Sources */,
				A28184E51BD8CC07009E981B /* ShakeViewController.m in Sources */,
				A20E97CD1BD7495500209C07 /* UICopyLabel.m in Sources */,
				A29347F41BC76B3000D4989B /* main.m in Sources */,
				A2830CFA1BCE1E00002E1C8B /* ViewController.m in Sources */,
				A2DFB4F61BD0E15A004C1D76 /* SpeakViewController.m in Sources */,
				A2DFB4AF1BCE2D3B004C1D76 /* UIImage+Color.m in Sources */,
				A20E981B1BD76B2700209C07 /* TableWithCopyCellViewController.m in Sources */,
				A29E8C841BD0FFEE0079C802 /* GCDLockViewController.m in Sources */,
				A2702A7A1BDE0C43009826F0 /* LocationViewController.m in Sources */,
				A20E97CA1BD7458100209C07 /* UICopyLabelViewController.m in Sources */,
				A2734AF81BDF6A820048A007 /* LocationPin.m in Sources */,
				A25B35801BE118C1005B0E59 /* UIImage+Capture.m in Sources */,
				A25B35831BE119C8005B0E59 /* CaptureScrollViewViewController.m in Sources */,
				A2830CFD1BCE1E9F002E1C8B /* ScreenShotViewController.m in Sources */,
				A2830CF31BCE1A86002E1C8B /* FeatureMeta.m in Sources */,
				A2DFB4B21BCE2EB7004C1D76 /* ImageWithColorViewController.m in Sources */,
			);
			runOnlyForDeploymentPostprocessing = 0;
		};
		A29348041BC76B3000D4989B /* Sources */ = {
			isa = PBXSourcesBuildPhase;
			buildActionMask = 2147483647;
			files = (
				A293480D1BC76B3000D4989B /* EverythingTests.m in Sources */,
			);
			runOnlyForDeploymentPostprocessing = 0;
		};
		A293480F1BC76B3000D4989B /* Sources */ = {
			isa = PBXSourcesBuildPhase;
			buildActionMask = 2147483647;
			files = (
				A29348181BC76B3000D4989B /* EverythingUITests.m in Sources */,
			);
			runOnlyForDeploymentPostprocessing = 0;
		};
/* End PBXSourcesBuildPhase section */

/* Begin PBXTargetDependency section */
		A293480A1BC76B3000D4989B /* PBXTargetDependency */ = {
			isa = PBXTargetDependency;
			target = A29347EE1BC76B3000D4989B /* Everything */;
			targetProxy = A29348091BC76B3000D4989B /* PBXContainerItemProxy */;
		};
		A29348151BC76B3000D4989B /* PBXTargetDependency */ = {
			isa = PBXTargetDependency;
			target = A29347EE1BC76B3000D4989B /* Everything */;
			targetProxy = A29348141BC76B3000D4989B /* PBXContainerItemProxy */;
		};
/* End PBXTargetDependency section */

/* Begin PBXVariantGroup section */
		A29347FB1BC76B3000D4989B /* Main.storyboard */ = {
			isa = PBXVariantGroup;
			children = (
				A29347FC1BC76B3000D4989B /* Base */,
			);
			name = Main.storyboard;
			sourceTree = "<group>";
		};
		A29348001BC76B3000D4989B /* LaunchScreen.storyboard */ = {
			isa = PBXVariantGroup;
			children = (
				A29348011BC76B3000D4989B /* Base */,
			);
			name = LaunchScreen.storyboard;
			sourceTree = "<group>";
		};
/* End PBXVariantGroup section */

/* Begin XCBuildConfiguration section */
		A293481A1BC76B3000D4989B /* Debug */ = {
			isa = XCBuildConfiguration;
			buildSettings = {
				ALWAYS_SEARCH_USER_PATHS = NO;
				CLANG_CXX_LANGUAGE_STANDARD = "gnu++0x";
				CLANG_CXX_LIBRARY = "libc++";
				CLANG_ENABLE_MODULES = YES;
				CLANG_ENABLE_OBJC_ARC = YES;
				CLANG_WARN_BOOL_CONVERSION = YES;
				CLANG_WARN_CONSTANT_CONVERSION = YES;
				CLANG_WARN_DIRECT_OBJC_ISA_USAGE = YES_ERROR;
				CLANG_WARN_EMPTY_BODY = YES;
				CLANG_WARN_ENUM_CONVERSION = YES;
				CLANG_WARN_INT_CONVERSION = YES;
				CLANG_WARN_OBJC_ROOT_CLASS = YES_ERROR;
				CLANG_WARN_UNREACHABLE_CODE = YES;
				CLANG_WARN__DUPLICATE_METHOD_MATCH = YES;
				"CODE_SIGN_IDENTITY[sdk=iphoneos*]" = "iPhone Developer";
				COPY_PHASE_STRIP = NO;
				DEBUG_INFORMATION_FORMAT = dwarf;
				ENABLE_STRICT_OBJC_MSGSEND = YES;
				ENABLE_TESTABILITY = YES;
				GCC_C_LANGUAGE_STANDARD = gnu99;
				GCC_DYNAMIC_NO_PIC = NO;
				GCC_NO_COMMON_BLOCKS = YES;
				GCC_OPTIMIZATION_LEVEL = 0;
				GCC_PREPROCESSOR_DEFINITIONS = (
					"DEBUG=1",
					"$(inherited)",
				);
				GCC_WARN_64_TO_32_BIT_CONVERSION = YES;
				GCC_WARN_ABOUT_RETURN_TYPE = YES_ERROR;
				GCC_WARN_UNDECLARED_SELECTOR = YES;
				GCC_WARN_UNINITIALIZED_AUTOS = YES_AGGRESSIVE;
				GCC_WARN_UNUSED_FUNCTION = YES;
				GCC_WARN_UNUSED_VARIABLE = YES;
				IPHONEOS_DEPLOYMENT_TARGET = 9.0;
				MTL_ENABLE_DEBUG_INFO = YES;
				ONLY_ACTIVE_ARCH = YES;
				SDKROOT = iphoneos;
			};
			name = Debug;
		};
		A293481B1BC76B3000D4989B /* Release */ = {
			isa = XCBuildConfiguration;
			buildSettings = {
				ALWAYS_SEARCH_USER_PATHS = NO;
				CLANG_CXX_LANGUAGE_STANDARD = "gnu++0x";
				CLANG_CXX_LIBRARY = "libc++";
				CLANG_ENABLE_MODULES = YES;
				CLANG_ENABLE_OBJC_ARC = YES;
				CLANG_WARN_BOOL_CONVERSION = YES;
				CLANG_WARN_CONSTANT_CONVERSION = YES;
				CLANG_WARN_DIRECT_OBJC_ISA_USAGE = YES_ERROR;
				CLANG_WARN_EMPTY_BODY = YES;
				CLANG_WARN_ENUM_CONVERSION = YES;
				CLANG_WARN_INT_CONVERSION = YES;
				CLANG_WARN_OBJC_ROOT_CLASS = YES_ERROR;
				CLANG_WARN_UNREACHABLE_CODE = YES;
				CLANG_WARN__DUPLICATE_METHOD_MATCH = YES;
				"CODE_SIGN_IDENTITY[sdk=iphoneos*]" = "iPhone Developer";
				COPY_PHASE_STRIP = NO;
				DEBUG_INFORMATION_FORMAT = "dwarf-with-dsym";
				ENABLE_NS_ASSERTIONS = NO;
				ENABLE_STRICT_OBJC_MSGSEND = YES;
				GCC_C_LANGUAGE_STANDARD = gnu99;
				GCC_NO_COMMON_BLOCKS = YES;
				GCC_WARN_64_TO_32_BIT_CONVERSION = YES;
				GCC_WARN_ABOUT_RETURN_TYPE = YES_ERROR;
				GCC_WARN_UNDECLARED_SELECTOR = YES;
				GCC_WARN_UNINITIALIZED_AUTOS = YES_AGGRESSIVE;
				GCC_WARN_UNUSED_FUNCTION = YES;
				GCC_WARN_UNUSED_VARIABLE = YES;
				IPHONEOS_DEPLOYMENT_TARGET = 9.0;
				MTL_ENABLE_DEBUG_INFO = NO;
				SDKROOT = iphoneos;
				VALIDATE_PRODUCT = YES;
			};
			name = Release;
		};
		A293481D1BC76B3000D4989B /* Debug */ = {
			isa = XCBuildConfiguration;
			buildSettings = {
				ASSETCATALOG_COMPILER_APPICON_NAME = AppIcon;
				INFOPLIST_FILE = Everything/Info.plist;
				LD_RUNPATH_SEARCH_PATHS = "$(inherited) @executable_path/Frameworks";
				PRODUCT_BUNDLE_IDENTIFIER = tau.github.Everything;
				PRODUCT_NAME = "$(TARGET_NAME)";
			};
			name = Debug;
		};
		A293481E1BC76B3000D4989B /* Release */ = {
			isa = XCBuildConfiguration;
			buildSettings = {
				ASSETCATALOG_COMPILER_APPICON_NAME = AppIcon;
				INFOPLIST_FILE = Everything/Info.plist;
				LD_RUNPATH_SEARCH_PATHS = "$(inherited) @executable_path/Frameworks";
				PRODUCT_BUNDLE_IDENTIFIER = tau.github.Everything;
				PRODUCT_NAME = "$(TARGET_NAME)";
			};
			name = Release;
		};
		A29348201BC76B3000D4989B /* Debug */ = {
			isa = XCBuildConfiguration;
			buildSettings = {
				BUNDLE_LOADER = "$(TEST_HOST)";
				INFOPLIST_FILE = EverythingTests/Info.plist;
				LD_RUNPATH_SEARCH_PATHS = "$(inherited) @executable_path/Frameworks @loader_path/Frameworks";
				PRODUCT_BUNDLE_IDENTIFIER = tau.github.EverythingTests;
				PRODUCT_NAME = "$(TARGET_NAME)";
				TEST_HOST = "$(BUILT_PRODUCTS_DIR)/Everything.app/Everything";
			};
			name = Debug;
		};
		A29348211BC76B3000D4989B /* Release */ = {
			isa = XCBuildConfiguration;
			buildSettings = {
				BUNDLE_LOADER = "$(TEST_HOST)";
				INFOPLIST_FILE = EverythingTests/Info.plist;
				LD_RUNPATH_SEARCH_PATHS = "$(inherited) @executable_path/Frameworks @loader_path/Frameworks";
				PRODUCT_BUNDLE_IDENTIFIER = tau.github.EverythingTests;
				PRODUCT_NAME = "$(TARGET_NAME)";
				TEST_HOST = "$(BUILT_PRODUCTS_DIR)/Everything.app/Everything";
			};
			name = Release;
		};
		A29348231BC76B3000D4989B /* Debug */ = {
			isa = XCBuildConfiguration;
			buildSettings = {
				INFOPLIST_FILE = EverythingUITests/Info.plist;
				LD_RUNPATH_SEARCH_PATHS = "$(inherited) @executable_path/Frameworks @loader_path/Frameworks";
				PRODUCT_BUNDLE_IDENTIFIER = tau.github.EverythingUITests;
				PRODUCT_NAME = "$(TARGET_NAME)";
				TEST_TARGET_NAME = Everything;
				USES_XCTRUNNER = YES;
			};
			name = Debug;
		};
		A29348241BC76B3000D4989B /* Release */ = {
			isa = XCBuildConfiguration;
			buildSettings = {
				INFOPLIST_FILE = EverythingUITests/Info.plist;
				LD_RUNPATH_SEARCH_PATHS = "$(inherited) @executable_path/Frameworks @loader_path/Frameworks";
				PRODUCT_BUNDLE_IDENTIFIER = tau.github.EverythingUITests;
				PRODUCT_NAME = "$(TARGET_NAME)";
				TEST_TARGET_NAME = Everything;
				USES_XCTRUNNER = YES;
			};
			name = Release;
		};
/* End XCBuildConfiguration section */

/* Begin XCConfigurationList section */
		A29347EA1BC76B3000D4989B /* Build configuration list for PBXProject "Everything" */ = {
			isa = XCConfigurationList;
			buildConfigurations = (
				A293481A1BC76B3000D4989B /* Debug */,
				A293481B1BC76B3000D4989B /* Release */,
			);
			defaultConfigurationIsVisible = 0;
			defaultConfigurationName = Release;
		};
		A293481C1BC76B3000D4989B /* Build configuration list for PBXNativeTarget "Everything" */ = {
			isa = XCConfigurationList;
			buildConfigurations = (
				A293481D1BC76B3000D4989B /* Debug */,
				A293481E1BC76B3000D4989B /* Release */,
			);
			defaultConfigurationIsVisible = 0;
			defaultConfigurationName = Release;
		};
		A293481F1BC76B3000D4989B /* Build configuration list for PBXNativeTarget "EverythingTests" */ = {
			isa = XCConfigurationList;
			buildConfigurations = (
				A29348201BC76B3000D4989B /* Debug */,
				A29348211BC76B3000D4989B /* Release */,
			);
			defaultConfigurationIsVisible = 0;
			defaultConfigurationName = Release;
		};
		A29348221BC76B3000D4989B /* Build configuration list for PBXNativeTarget "EverythingUITests" */ = {
			isa = XCConfigurationList;
			buildConfigurations = (
				A29348231BC76B3000D4989B /* Debug */,
				A29348241BC76B3000D4989B /* Release */,
			);
			defaultConfigurationIsVisible = 0;
			defaultConfigurationName = Release;
		};
/* End XCConfigurationList section */
	};
	rootObject = A29347E71BC76B3000D4989B /* Project object */;
}
